
Microsoft Visual Studio Solution File, Format Version 12.00
# Visual Studio Version 17
VisualStudioVersion = 17.14.36221.1
MinimumVisualStudioVersion = 10.0.40219.1
Project("{FAE04EC0-301F-11D3-BF4B-00C04F79EFBC}") = "PMS.UI", "PMS.UI\PMS.UI.csproj", "{77874887-B2A1-EC4E-3E97-AC8ED5AD93FA}"
EndProject
Project("{FAE04EC0-301F-11D3-BF4B-00C04F79EFBC}") = "PMS.Models", "PMS.Models\PMS.Models.csproj", "{AFC8AAAB-3FE6-4328-AE13-9AA572F0C0A1}"
EndProject
Global
	GlobalSection(SolutionConfigurationPlatforms) = preSolution
		Debug|Any CPU = Debug|Any CPU
		Release|Any CPU = Release|Any CPU
	EndGlobalSection
	GlobalSection(ProjectConfigurationPlatforms) = postSolution
		{77874887-B2A1-EC4E-3E97-AC8ED5AD93FA}.Debug|Any CPU.ActiveCfg = Debug|Any CPU
		{77874887-B2A1-EC4E-3E97-AC8ED5AD93FA}.Debug|Any CPU.Build.0 = Debug|Any CPU
		{77874887-B2A1-EC4E-3E97-AC8ED5AD93FA}.Release|Any CPU.ActiveCfg = Release|Any CPU
		{77874887-B2A1-EC4E-3E97-AC8ED5AD93FA}.Release|Any CPU.Build.0 = Release|Any CPU
		{AFC8AAAB-3FE6-4328-AE13-9AA572F0C0A1}.Debug|Any CPU.ActiveCfg = Debug|Any CPU
		{AFC8AAAB-3FE6-4328-AE13-9AA572F0C0A1}.Debug|Any CPU.Build.0 = Debug|Any CPU
		{AFC8AAAB-3FE6-4328-AE13-9AA572F0C0A1}.Release|Any CPU.ActiveCfg = Release|Any CPU
		{AFC8AAAB-3FE6-4328-AE13-9AA572F0C0A1}.Release|Any CPU.Build.0 = Release|Any CPU
	EndGlobalSection
	GlobalSection(SolutionProperties) = preSolution
		HideSolutionNode = FALSE
	EndGlobalSection
	GlobalSection(ExtensibilityGlobals) = postSolution
		SolutionGuid = {8D338E6B-DC2B-4EB3-99E9-BD5FB9B388D8}
	EndGlobalSection
EndGlobal
